# This file is automatically @generated by Cargo.
# It is not intended for manual editing.
version = 4

[[package]]
name = "graph-core"
version = "0.1.0"

[[package]]
name = "graph-engine"
version = "0.1.0"
dependencies = [
 "graph-core",
 "graph-testkit",
 "graph-tx",
 "graph-world",
]

[[package]]
name = "graph-testkit"
version = "0.1.0"
dependencies = [
 "graph-core",
 "graph-world",
]

[[package]]
name = "graph-tx"
version = "0.1.0"
dependencies = [
 "graph-core",
]

[[package]]
name = "graph-world"
version = "0.1.0"
dependencies = [
 "graph-core",
 "graph-testkit",
]
